{
  "name": "@writetome51/object-in-local-storage",
  "version": "0.0.1",
  "lockfileVersion": 1,
  "requires": true,
  "dependencies": {
    "@writetome51/base-class": {
      "version": "1.0.0",
      "resolved": "https://registry.npmjs.org/@writetome51/base-class/-/base-class-1.0.0.tgz",
      "integrity": "sha512-nq67JUx4NQmTS8iWqxUtHIy7w/K9ICHtiuhQH01UyRTQLdSNSaFi+S7jxDDAQ351wdqDGOXJ8MQ80fuzr4v4hA==",
      "requires": {
        "@writetome51/get-property": "~1.0.4",
        "@writetome51/has-value-no-value": "~1.0.2"
      }
    },
    "@writetome51/get-property": {
      "version": "1.0.4",
      "resolved": "https://registry.npmjs.org/@writetome51/get-property/-/get-property-1.0.4.tgz",
      "integrity": "sha512-1/8HzxqhIAS/WHlxDh0tQaegBorqtxgzFgdlY8ckumIBJrjzdKS5wlvlycMJFQp+6FrCgr8GRya3pExLuKiyfg==",
      "requires": {
        "@writetome51/is-empty-not-empty": "~1.0.0",
        "error-if-not-object": "~1.0.0",
        "error-if-not-string": "~1.0.0"
      }
    },
    "@writetome51/has-value-no-value": {
      "version": "1.0.2",
      "resolved": "https://registry.npmjs.org/@writetome51/has-value-no-value/-/has-value-no-value-1.0.2.tgz",
      "integrity": "sha512-p4ZyPK0hsBQrFkv0r0bxBfqMWttTDgAzyYx7H1QZVOnoGMz4k9ojurx3R+Nz5vhbzXPLKLFw75otpnR8yI5foA=="
    },
    "@writetome51/is-empty-not-empty": {
      "version": "1.0.0",
      "resolved": "https://registry.npmjs.org/@writetome51/is-empty-not-empty/-/is-empty-not-empty-1.0.0.tgz",
      "integrity": "sha512-BHPiP5bHtY5+CMUpfMlMfnU+i/9aKtQTgPy+DSlnAe1u49afxLebO70CSK8c5qbFyQizoN1HEX1cbZiyY8jsfw==",
      "requires": {
        "error-if-not-integer-zero-or-greater": "~1.0.0"
      }
    },
    "@writetome51/is-finite-number": {
      "version": "1.0.0",
      "resolved": "https://registry.npmjs.org/@writetome51/is-finite-number/-/is-finite-number-1.0.0.tgz",
      "integrity": "sha512-xr1amNVh4HAfVbv9YbzGPvyo0gRykdwODNap3xMlhXIHkZJIuEsfRpuQzPkiEf+AWDxy/dcdwzVP9JMOnu8dUg=="
    },
    "@writetome51/is-integer-is-float": {
      "version": "1.0.0",
      "resolved": "https://registry.npmjs.org/@writetome51/is-integer-is-float/-/is-integer-is-float-1.0.0.tgz",
      "integrity": "sha512-j2qLoQaxXzwctUkWvj6Ce02qhoO0e79jCC1aHYG5wD0tapjlKSHfmXeV22Wtnba/Hg+ajSxvMYAhczKwBwa9pA==",
      "requires": {
        "@writetome51/is-finite-number": "~1.0.0"
      }
    },
    "@writetome51/is-object-not-object": {
      "version": "1.0.0",
      "resolved": "https://registry.npmjs.org/@writetome51/is-object-not-object/-/is-object-not-object-1.0.0.tgz",
      "integrity": "sha512-cOXtcCfTC5vQ1JT1s6GIgWp68ShC6q0qdUllxr3ZqwZ2exPGPNc0YS1h+nuv8T4rR23RCVJ58zoldBPlUDx8gA=="
    },
    "@writetome51/item-in-browser-storage": {
      "version": "2.0.0",
      "resolved": "https://registry.npmjs.org/@writetome51/item-in-browser-storage/-/item-in-browser-storage-2.0.0.tgz",
      "integrity": "sha512-umLLC4/M7TGJPMu6p3DXradVa3XX2p5egLcNMbni5RDuMdH4RxxVkGQ8Vxv/E5L/DYPhBP7ZqSfkWSvjPzmCkQ==",
      "requires": {
        "@writetome51/base-class": "^1.0.0",
        "@writetome51/has-value-no-value": "^1.0.2",
        "@writetome51/is-empty-not-empty": "^1.0.0",
        "@writetome51/not": "^1.0.5",
        "error-if-not-string": "^1.0.0",
        "error-if-not-string-longer-than-zero": "^1.0.0"
      }
    },
    "@writetome51/modify-object": {
      "version": "1.0.0",
      "resolved": "https://registry.npmjs.org/@writetome51/modify-object/-/modify-object-1.0.0.tgz",
      "integrity": "sha512-m7YkBKk9xVCII76i3tQEH59GuCHzwn1XjJP+syjTkibf0fB3dWyy6KhRZ4lVA6mySHnBCnoaoCjDQjn7C/PLgQ=="
    },
    "@writetome51/not": {
      "version": "1.0.5",
      "resolved": "https://registry.npmjs.org/@writetome51/not/-/not-1.0.5.tgz",
      "integrity": "sha512-aZWWAnbfb5zi0dkfUyiSQaC2Ag2LMbvWA6QzRLS0537XZ/DQOeUKUSsxIltZ9vFoPY8kPuCrS/30mC6+q/u81w=="
    },
    "@writetome51/object-in-browser-storage": {
      "version": "3.0.0",
      "resolved": "https://registry.npmjs.org/@writetome51/object-in-browser-storage/-/object-in-browser-storage-3.0.0.tgz",
      "integrity": "sha512-IFnGLwa2MKw3yRPauzQCEv76yTgzpxFSgyRv6ITK3LsEUaVc62jZ+aYQ+eqV6FS0CB3pH22zJejJHYYOGaQy7A==",
      "requires": {
        "@writetome51/item-in-browser-storage": "^2.0.0",
        "@writetome51/modify-object": "^1.0.0",
        "error-if-not-object": "^1.0.0",
        "get-object-from-json": "^1.0.3"
      }
    },
    "error-if-not-finite-number": {
      "version": "1.0.0",
      "resolved": "https://registry.npmjs.org/error-if-not-finite-number/-/error-if-not-finite-number-1.0.0.tgz",
      "integrity": "sha512-/G8OPGiHP4NLTuXmx28oOGCuj+KSyoOcor5ON3j8IVVR7aDGVA2LbZzyQXRGS2BTaMt0GnROR7amgzpXku2H5w==",
      "requires": {
        "@writetome51/is-finite-number": "~1.0.0"
      }
    },
    "error-if-not-integer": {
      "version": "1.0.0",
      "resolved": "https://registry.npmjs.org/error-if-not-integer/-/error-if-not-integer-1.0.0.tgz",
      "integrity": "sha512-Ut8ZDsm8/y1lB/rbByzZXbx61db7t2zh9LsjtsiIKFQiWhlZw3cFBMt0fU3DrakhVfZVD50txCX9gClde3abDw==",
      "requires": {
        "@writetome51/is-integer-is-float": "~1.0.0",
        "error-if-not-finite-number": "~1.0.0"
      }
    },
    "error-if-not-integer-zero-or-greater": {
      "version": "1.0.0",
      "resolved": "https://registry.npmjs.org/error-if-not-integer-zero-or-greater/-/error-if-not-integer-zero-or-greater-1.0.0.tgz",
      "integrity": "sha512-m+KocWV9yaF0eZaLbwtz8jD7cfpiZWqDc9cOLe/4QJfp/lpqlJUVan1CcbUsGciFwUYQdSybyy6gxD9jsDkSIw==",
      "requires": {
        "error-if-not-integer": "~1.0.0"
      }
    },
    "error-if-not-object": {
      "version": "1.0.0",
      "resolved": "https://registry.npmjs.org/error-if-not-object/-/error-if-not-object-1.0.0.tgz",
      "integrity": "sha512-XtxQEQ8OkDa/6CTMOmioqb+ymaduI2k8mSAx6YWdwyrnFFxh8L+XygSuj5Rt7NoaciiNJxZHYrsksgo+uSECCA==",
      "requires": {
        "@writetome51/is-object-not-object": "~1.0.0"
      }
    },
    "error-if-not-string": {
      "version": "1.0.0",
      "resolved": "https://registry.npmjs.org/error-if-not-string/-/error-if-not-string-1.0.0.tgz",
      "integrity": "sha512-E6wtxXWm8q0me18Jd8NdLXhmvEzsqCt1Rsexil3N2xOPOl5Tj647f3DgzHXkzN2pXS80S8yPGNbpVBSqgmRukQ=="
    },
    "error-if-not-string-longer-than-zero": {
      "version": "1.0.0",
      "resolved": "https://registry.npmjs.org/error-if-not-string-longer-than-zero/-/error-if-not-string-longer-than-zero-1.0.0.tgz",
      "integrity": "sha512-63qML4mTL4/gmMuGs28blb2sf34xpAz0ycAkN3iI/xBjwn+0U+9D1wFNeYqHokWLKHdyjHLruuaVhwVifXj8qA==",
      "requires": {
        "error-if-not-string": "^1.0.0"
      }
    },
    "get-object-from-json": {
      "version": "1.0.3",
      "resolved": "https://registry.npmjs.org/get-object-from-json/-/get-object-from-json-1.0.3.tgz",
      "integrity": "sha512-vFSbAWuk4g3rsvnNDceM3YKASFXKicxAjmYwgMrlcjpr99iz/Bk50Ft4DGBvfrRVILC/zj8wJES9LeSck7mpFg==",
      "requires": {
        "error-if-not-string": "~1.0.0"
      }
    }
  }
}
